
Microsoft Visual Studio Solution File, Format Version 12.00
# Visual Studio Version 17
VisualStudioVersion = 17.5.002.0
MinimumVisualStudioVersion = 10.0.40219.1
Project("{9A19103F-16F7-4668-BE54-9A1E7A4F7556}") = "BtkAkademi", "BtkAkademi.csproj", "{E06D1C89-BD72-4205-AD4B-CA7EC568496E}"
EndProject
Global
	GlobalSection(SolutionConfigurationPlatforms) = preSolution
		Debug|Any CPU = Debug|Any CPU
		Release|Any CPU = Release|Any CPU
	EndGlobalSection
	GlobalSection(ProjectConfigurationPlatforms) = postSolution
		{E06D1C89-BD72-4205-AD4B-CA7EC568496E}.Debug|Any CPU.ActiveCfg = Debug|Any CPU
		{E06D1C89-BD72-4205-AD4B-CA7EC568496E}.Debug|Any CPU.Build.0 = Debug|Any CPU
		{E06D1C89-BD72-4205-AD4B-CA7EC568496E}.Release|Any CPU.ActiveCfg = Release|Any CPU
		{E06D1C89-BD72-4205-AD4B-CA7EC568496E}.Release|Any CPU.Build.0 = Release|Any CPU
	EndGlobalSection
	GlobalSection(SolutionProperties) = preSolution
		HideSolutionNode = FALSE
	EndGlobalSection
	GlobalSection(ExtensibilityGlobals) = postSolution
		SolutionGuid = {C91E5E5B-7820-4A5A-95D4-C9DBD4905847}
	EndGlobalSection
EndGlobal
